// !$*UTF8*$!
{
	archiveVersion = 1;
	classes = {
	};
	objectVersion = 52;
	objects = {

/* Begin PBXBuildFile section */
		6EC675932409509900F03AEB /* Kingfisher in Frameworks */ = {isa = PBXBuildFile; productRef = 6EC675922409509900F03AEB /* Kingfisher */; };
		AF858B48240137EE00D2CC9C /* AppDelegate.swift in Sources */ = {isa = PBXBuildFile; fileRef = AF858B47240137EE00D2CC9C /* AppDelegate.swift */; };
		AF858B4A240137EE00D2CC9C /* SceneDelegate.swift in Sources */ = {isa = PBXBuildFile; fileRef = AF858B49240137EE00D2CC9C /* SceneDelegate.swift */; };
		AF858B51240137FB00D2CC9C /* Assets.xcassets in Resources */ = {isa = PBXBuildFile; fileRef = AF858B50240137FB00D2CC9C /* Assets.xcassets */; };
		AF858B54240137FB00D2CC9C /* LaunchScreen.storyboard in Resources */ = {isa = PBXBuildFile; fileRef = AF858B52240137FB00D2CC9C /* LaunchScreen.storyboard */; };
		AF858B5F2401394400D2CC9C /* Extensions.swift in Sources */ = {isa = PBXBuildFile; fileRef = AF858B5E2401394400D2CC9C /* Extensions.swift */; };
		AF858B622401399D00D2CC9C /* NewsProvider.swift in Sources */ = {isa = PBXBuildFile; fileRef = AF858B612401399D00D2CC9C /* NewsProvider.swift */; };
		AF858B64240139B600D2CC9C /* NewsItem.swift in Sources */ = {isa = PBXBuildFile; fileRef = AF858B63240139B600D2CC9C /* NewsItem.swift */; };
		AF858B66240147C100D2CC9C /* NewsTableViewController.swift in Sources */ = {isa = PBXBuildFile; fileRef = AF858B65240147C100D2CC9C /* NewsTableViewController.swift */; };
		AF858B6824014A1D00D2CC9C /* NewsTableViewCell.swift in Sources */ = {isa = PBXBuildFile; fileRef = AF858B6724014A1D00D2CC9C /* NewsTableViewCell.swift */; };
		AF858B6C2401654700D2CC9C /* Main.storyboard in Resources */ = {isa = PBXBuildFile; fileRef = AF858B6B2401654700D2CC9C /* Main.storyboard */; };
/* End PBXBuildFile section */

/* Begin PBXFileReference section */
		AF858B44240137EE00D2CC9C /* Haberler.app */ = {isa = PBXFileReference; explicitFileType = wrapper.application; includeInIndex = 0; path = Haberler.app; sourceTree = BUILT_PRODUCTS_DIR; };
		AF858B47240137EE00D2CC9C /* AppDelegate.swift */ = {isa = PBXFileReference; lastKnownFileType = sourcecode.swift; path = AppDelegate.swift; sourceTree = "<group>"; };
		AF858B49240137EE00D2CC9C /* SceneDelegate.swift */ = {isa = PBXFileReference; lastKnownFileType = sourcecode.swift; path = SceneDelegate.swift; sourceTree = "<group>"; };
		AF858B50240137FB00D2CC9C /* Assets.xcassets */ = {isa = PBXFileReference; lastKnownFileType = folder.assetcatalog; path = Assets.xcassets; sourceTree = "<group>"; };
		AF858B53240137FB00D2CC9C /* Base */ = {isa = PBXFileReference; lastKnownFileType = file.storyboard; name = Base; path = Base.lproj/LaunchScreen.storyboard; sourceTree = "<group>"; };
		AF858B55240137FB00D2CC9C /* Info.plist */ = {isa = PBXFileReference; lastKnownFileType = text.plist.xml; path = Info.plist; sourceTree = "<group>"; };
		AF858B5E2401394400D2CC9C /* Extensions.swift */ = {isa = PBXFileReference; lastKnownFileType = sourcecode.swift; path = Extensions.swift; sourceTree = "<group>"; };
		AF858B612401399D00D2CC9C /* NewsProvider.swift */ = {isa = PBXFileReference; lastKnownFileType = sourcecode.swift; path = NewsProvider.swift; sourceTree = "<group>"; };
		AF858B63240139B600D2CC9C /* NewsItem.swift */ = {isa = PBXFileReference; lastKnownFileType = sourcecode.swift; path = NewsItem.swift; sourceTree = "<group>"; };
		AF858B65240147C100D2CC9C /* NewsTableViewController.swift */ = {isa = PBXFileReference; lastKnownFileType = sourcecode.swift; path = NewsTableViewController.swift; sourceTree = "<group>"; };
		AF858B6724014A1D00D2CC9C /* NewsTableViewCell.swift */ = {isa = PBXFileReference; lastKnownFileType = sourcecode.swift; path = NewsTableViewCell.swift; sourceTree = "<group>"; };
		AF858B6B2401654700D2CC9C /* Main.storyboard */ = {isa = PBXFileReference; fileEncoding = 4; lastKnownFileType = file.storyboard; path = Main.storyboard; sourceTree = "<group>"; };
/* End PBXFileReference section */

/* Begin PBXFrameworksBuildPhase section */
		AF858B41240137EE00D2CC9C /* Frameworks */ = {
			isa = PBXFrameworksBuildPhase;
			buildActionMask = 2147483647;
			files = (
				6EC675932409509900F03AEB /* Kingfisher in Frameworks */,
			);
			runOnlyForDeploymentPostprocessing = 0;
		};
/* End PBXFrameworksBuildPhase section */

/* Begin PBXGroup section */
		AF858B3B240137EE00D2CC9C = {
			isa = PBXGroup;
			children = (
				AF858B46240137EE00D2CC9C /* Haberler */,
				AF858B45240137EE00D2CC9C /* Products */,
			);
			sourceTree = "<group>";
		};
		AF858B45240137EE00D2CC9C /* Products */ = {
			isa = PBXGroup;
			children = (
				AF858B44240137EE00D2CC9C /* Haberler.app */,
			);
			name = Products;
			sourceTree = "<group>";
		};
		AF858B46240137EE00D2CC9C /* Haberler */ = {
			isa = PBXGroup;
			children = (
				AF858B6B2401654700D2CC9C /* Main.storyboard */,
				AF858B63240139B600D2CC9C /* NewsItem.swift */,
				AF858B65240147C100D2CC9C /* NewsTableViewController.swift */,
				AF858B6724014A1D00D2CC9C /* NewsTableViewCell.swift */,
				AF858B602401397300D2CC9C /* Utilities */,
			);
			path = Haberler;
			sourceTree = "<group>";
		};
		AF858B602401397300D2CC9C /* Utilities */ = {
			isa = PBXGroup;
			children = (
				AF858B55240137FB00D2CC9C /* Info.plist */,
				AF858B47240137EE00D2CC9C /* AppDelegate.swift */,
				AF858B49240137EE00D2CC9C /* SceneDelegate.swift */,
				AF858B5E2401394400D2CC9C /* Extensions.swift */,
				AF858B612401399D00D2CC9C /* NewsProvider.swift */,
				AF858B52240137FB00D2CC9C /* LaunchScreen.storyboard */,
				AF858B50240137FB00D2CC9C /* Assets.xcassets */,
			);
			path = Utilities;
			sourceTree = "<group>";
		};
/* End PBXGroup section */

/* Begin PBXNativeTarget section */
		AF858B43240137EE00D2CC9C /* Haberler */ = {
			isa = PBXNativeTarget;
			buildConfigurationList = AF858B58240137FC00D2CC9C /* Build configuration list for PBXNativeTarget "Haberler" */;
			buildPhases = (
				AF858B40240137EE00D2CC9C /* Sources */,
				AF858B41240137EE00D2CC9C /* Frameworks */,
				AF858B42240137EE00D2CC9C /* Resources */,
			);
			buildRules = (
			);
			dependencies = (
			);
			name = Haberler;
			packageProductDependencies = (
				6EC675922409509900F03AEB /* Kingfisher */,
			);
			productName = Haberler;
			productReference = AF858B44240137EE00D2CC9C /* Haberler.app */;
			productType = "com.apple.product-type.application";
		};
/* End PBXNativeTarget section */

/* Begin PBXProject section */
		AF858B3C240137EE00D2CC9C /* Project object */ = {
			isa = PBXProject;
			attributes = {
				LastSwiftUpdateCheck = 1130;
				LastUpgradeCheck = 1130;
				ORGANIZATIONNAME = "Ufuk Köşker";
				TargetAttributes = {
					AF858B43240137EE00D2CC9C = {
						CreatedOnToolsVersion = 11.3.1;
					};
				};
			};
			buildConfigurationList = AF858B3F240137EE00D2CC9C /* Build configuration list for PBXProject "Haberler" */;
			compatibilityVersion = "Xcode 9.3";
			developmentRegion = en;
			hasScannedForEncodings = 0;
			knownRegions = (
				en,
				Base,
			);
			mainGroup = AF858B3B240137EE00D2CC9C;
			packageReferences = (
				6EC675912409509900F03AEB /* XCRemoteSwiftPackageReference "Kingfisher" */,
			);
			productRefGroup = AF858B45240137EE00D2CC9C /* Products */;
			projectDirPath = "";
			projectRoot = "";
			targets = (
				AF858B43240137EE00D2CC9C /* Haberler */,
			);
		};
/* End PBXProject section */

/* Begin PBXResourcesBuildPhase section */
		AF858B42240137EE00D2CC9C /* Resources */ = {
			isa = PBXResourcesBuildPhase;
			buildActionMask = 2147483647;
			files = (
				AF858B54240137FB00D2CC9C /* LaunchScreen.storyboard in Resources */,
				AF858B51240137FB00D2CC9C /* Assets.xcassets in Resources */,
				AF858B6C2401654700D2CC9C /* Main.storyboard in Resources */,
			);
			runOnlyForDeploymentPostprocessing = 0;
		};
/* End PBXResourcesBuildPhase section */

/* Begin PBXSourcesBuildPhase section */
		AF858B40240137EE00D2CC9C /* Sources */ = {
			isa = PBXSourcesBuildPhase;
			buildActionMask = 2147483647;
			files = (
				AF858B64240139B600D2CC9C /* NewsItem.swift in Sources */,
				AF858B6824014A1D00D2CC9C /* NewsTableViewCell.swift in Sources */,
				AF858B622401399D00D2CC9C /* NewsProvider.swift in Sources */,
				AF858B66240147C100D2CC9C /* NewsTableViewController.swift in Sources */,
				AF858B48240137EE00D2CC9C /* AppDelegate.swift in Sources */,
				AF858B4A240137EE00D2CC9C /* SceneDelegate.swift in Sources */,
				AF858B5F2401394400D2CC9C /* Extensions.swift in Sources */,
			);
			runOnlyForDeploymentPostprocessing = 0;
		};
/* End PBXSourcesBuildPhase section */

/* Begin PBXVariantGroup section */
		AF858B52240137FB00D2CC9C /* LaunchScreen.storyboard */ = {
			isa = PBXVariantGroup;
			children = (
				AF858B53240137FB00D2CC9C /* Base */,
			);
			name = LaunchScreen.storyboard;
			sourceTree = "<group>";
		};
/* End PBXVariantGroup section */

/* Begin XCBuildConfiguration section */
		AF858B56240137FB00D2CC9C /* Debug */ = {
			isa = XCBuildConfiguration;
			buildSettings = {
				ALWAYS_SEARCH_USER_PATHS = NO;
				CLANG_ANALYZER_NONNULL = YES;
				CLANG_ANALYZER_NUMBER_OBJECT_CONVERSION = YES_AGGRESSIVE;
				CLANG_CXX_LANGUAGE_STANDARD = "gnu++14";
				CLANG_CXX_LIBRARY = "libc++";
				CLANG_ENABLE_MODULES = YES;
				CLANG_ENABLE_OBJC_ARC = YES;
				CLANG_ENABLE_OBJC_WEAK = YES;
				CLANG_WARN_BLOCK_CAPTURE_AUTORELEASING = YES;
				CLANG_WARN_BOOL_CONVERSION = YES;
				CLANG_WARN_COMMA = YES;
				CLANG_WARN_CONSTANT_CONVERSION = YES;
				CLANG_WARN_DEPRECATED_OBJC_IMPLEMENTATIONS = YES;
				CLANG_WARN_DIRECT_OBJC_ISA_USAGE = YES_ERROR;
				CLANG_WARN_DOCUMENTATION_COMMENTS = YES;
				CLANG_WARN_EMPTY_BODY = YES;
				CLANG_WARN_ENUM_CONVERSION = YES;
				CLANG_WARN_INFINITE_RECURSION = YES;
				CLANG_WARN_INT_CONVERSION = YES;
				CLANG_WARN_NON_LITERAL_NULL_CONVERSION = YES;
				CLANG_WARN_OBJC_IMPLICIT_RETAIN_SELF = YES;
				CLANG_WARN_OBJC_LITERAL_CONVERSION = YES;
				CLANG_WARN_OBJC_ROOT_CLASS = YES_ERROR;
				CLANG_WARN_RANGE_LOOP_ANALYSIS = YES;
				CLANG_WARN_STRICT_PROTOTYPES = YES;
				CLANG_WARN_SUSPICIOUS_MOVE = YES;
				CLANG_WARN_UNGUARDED_AVAILABILITY = YES_AGGRESSIVE;
				CLANG_WARN_UNREACHABLE_CODE = YES;
				CLANG_WARN__DUPLICATE_METHOD_MATCH = YES;
				COPY_PHASE_STRIP = NO;
				DEBUG_INFORMATION_FORMAT = dwarf;
				ENABLE_STRICT_OBJC_MSGSEND = YES;
				ENABLE_TESTABILITY = YES;
				GCC_C_LANGUAGE_STANDARD = gnu11;
				GCC_DYNAMIC_NO_PIC = NO;
				GCC_NO_COMMON_BLOCKS = YES;
				GCC_OPTIMIZATION_LEVEL = 0;
				GCC_PREPROCESSOR_DEFINITIONS = (
					"DEBUG=1",
					"$(inherited)",
				);
				GCC_WARN_64_TO_32_BIT_CONVERSION = YES;
				GCC_WARN_ABOUT_RETURN_TYPE = YES_ERROR;
				GCC_WARN_UNDECLARED_SELECTOR = YES;
				GCC_WARN_UNINITIALIZED_AUTOS = YES_AGGRESSIVE;
				GCC_WARN_UNUSED_FUNCTION = YES;
				GCC_WARN_UNUSED_VARIABLE = YES;
				IPHONEOS_DEPLOYMENT_TARGET = 13.2;
				MTL_ENABLE_DEBUG_INFO = INCLUDE_SOURCE;
				MTL_FAST_MATH = YES;
				ONLY_ACTIVE_ARCH = YES;
				SDKROOT = iphoneos;
				SWIFT_ACTIVE_COMPILATION_CONDITIONS = DEBUG;
				SWIFT_OPTIMIZATION_LEVEL = "-Onone";
			};
			name = Debug;
		};
		AF858B57240137FB00D2CC9C /* Release */ = {
			isa = XCBuildConfiguration;
			buildSettings = {
				ALWAYS_SEARCH_USER_PATHS = NO;
				CLANG_ANALYZER_NONNULL = YES;
				CLANG_ANALYZER_NUMBER_OBJECT_CONVERSION = YES_AGGRESSIVE;
				CLANG_CXX_LANGUAGE_STANDARD = "gnu++14";
				CLANG_CXX_LIBRARY = "libc++";
				CLANG_ENABLE_MODULES = YES;
				CLANG_ENABLE_OBJC_ARC = YES;
				CLANG_ENABLE_OBJC_WEAK = YES;
				CLANG_WARN_BLOCK_CAPTURE_AUTORELEASING = YES;
				CLANG_WARN_BOOL_CONVERSION = YES;
				CLANG_WARN_COMMA = YES;
				CLANG_WARN_CONSTANT_CONVERSION = YES;
				CLANG_WARN_DEPRECATED_OBJC_IMPLEMENTATIONS = YES;
				CLANG_WARN_DIRECT_OBJC_ISA_USAGE = YES_ERROR;
				CLANG_WARN_DOCUMENTATION_COMMENTS = YES;
				CLANG_WARN_EMPTY_BODY = YES;
				CLANG_WARN_ENUM_CONVERSION = YES;
				CLANG_WARN_INFINITE_RECURSION = YES;
				CLANG_WARN_INT_CONVERSION = YES;
				CLANG_WARN_NON_LITERAL_NULL_CONVERSION = YES;
				CLANG_WARN_OBJC_IMPLICIT_RETAIN_SELF = YES;
				CLANG_WARN_OBJC_LITERAL_CONVERSION = YES;
				CLANG_WARN_OBJC_ROOT_CLASS = YES_ERROR;
				CLANG_WARN_RANGE_LOOP_ANALYSIS = YES;
				CLANG_WARN_STRICT_PROTOTYPES = YES;
				CLANG_WARN_SUSPICIOUS_MOVE = YES;
				CLANG_WARN_UNGUARDED_AVAILABILITY = YES_AGGRESSIVE;
				CLANG_WARN_UNREACHABLE_CODE = YES;
				CLANG_WARN__DUPLICATE_METHOD_MATCH = YES;
				COPY_PHASE_STRIP = NO;
				DEBUG_INFORMATION_FORMAT = "dwarf-with-dsym";
				ENABLE_NS_ASSERTIONS = NO;
				ENABLE_STRICT_OBJC_MSGSEND = YES;
				GCC_C_LANGUAGE_STANDARD = gnu11;
				GCC_NO_COMMON_BLOCKS = YES;
				GCC_WARN_64_TO_32_BIT_CONVERSION = YES;
				GCC_WARN_ABOUT_RETURN_TYPE = YES_ERROR;
				GCC_WARN_UNDECLARED_SELECTOR = YES;
				GCC_WARN_UNINITIALIZED_AUTOS = YES_AGGRESSIVE;
				GCC_WARN_UNUSED_FUNCTION = YES;
				GCC_WARN_UNUSED_VARIABLE = YES;
				IPHONEOS_DEPLOYMENT_TARGET = 13.2;
				MTL_ENABLE_DEBUG_INFO = NO;
				MTL_FAST_MATH = YES;
				SDKROOT = iphoneos;
				SWIFT_COMPILATION_MODE = wholemodule;
				SWIFT_OPTIMIZATION_LEVEL = "-O";
				VALIDATE_PRODUCT = YES;
			};
			name = Release;
		};
		AF858B59240137FC00D2CC9C /* Debug */ = {
			isa = XCBuildConfiguration;
			buildSettings = {
				ASSETCATALOG_COMPILER_APPICON_NAME = AppIcon;
				CODE_SIGN_STYLE = Automatic;
				DEVELOPMENT_TEAM = "";
				INFOPLIST_FILE = "$(SRCROOT)/Haberler/Utilities/Info.plist";
				IPHONEOS_DEPLOYMENT_TARGET = 13.0;
				LD_RUNPATH_SEARCH_PATHS = (
					"$(inherited)",
					"@executable_path/Frameworks",
				);
				PRODUCT_BUNDLE_IDENTIFIER = com.turkishkit.haberler;
				PRODUCT_NAME = "$(TARGET_NAME)";
				SWIFT_VERSION = 5.0;
				TARGETED_DEVICE_FAMILY = 1;
			};
			name = Debug;
		};
		AF858B5A240137FC00D2CC9C /* Release */ = {
			isa = XCBuildConfiguration;
			buildSettings = {
				ASSETCATALOG_COMPILER_APPICON_NAME = AppIcon;
				CODE_SIGN_STYLE = Automatic;
				DEVELOPMENT_TEAM = "";
				INFOPLIST_FILE = "$(SRCROOT)/Haberler/Utilities/Info.plist";
				IPHONEOS_DEPLOYMENT_TARGET = 13.0;
				LD_RUNPATH_SEARCH_PATHS = (
					"$(inherited)",
					"@executable_path/Frameworks",
				);
				PRODUCT_BUNDLE_IDENTIFIER = com.turkishkit.haberler;
				PRODUCT_NAME = "$(TARGET_NAME)";
				SWIFT_VERSION = 5.0;
				TARGETED_DEVICE_FAMILY = 1;
			};
			name = Release;
		};
/* End XCBuildConfiguration section */

/* Begin XCConfigurationList section */
		AF858B3F240137EE00D2CC9C /* Build configuration list for PBXProject "Haberler" */ = {
			isa = XCConfigurationList;
			buildConfigurations = (
				AF858B56240137FB00D2CC9C /* Debug */,
				AF858B57240137FB00D2CC9C /* Release */,
			);
			defaultConfigurationIsVisible = 0;
			defaultConfigurationName = Release;
		};
		AF858B58240137FC00D2CC9C /* Build configuration list for PBXNativeTarget "Haberler" */ = {
			isa = XCConfigurationList;
			buildConfigurations = (
				AF858B59240137FC00D2CC9C /* Debug */,
				AF858B5A240137FC00D2CC9C /* Release */,
			);
			defaultConfigurationIsVisible = 0;
			defaultConfigurationName = Release;
		};
/* End XCConfigurationList section */

/* Begin XCRemoteSwiftPackageReference section */
		6EC675912409509900F03AEB /* XCRemoteSwiftPackageReference "Kingfisher" */ = {
			isa = XCRemoteSwiftPackageReference;
			repositoryURL = "https://github.com/onevcat/Kingfisher.git";
			requirement = {
				kind = upToNextMajorVersion;
				minimumVersion = 5.8.0;
			};
		};
/* End XCRemoteSwiftPackageReference section */

/* Begin XCSwiftPackageProductDependency section */
		6EC675922409509900F03AEB /* Kingfisher */ = {
			isa = XCSwiftPackageProductDependency;
			package = 6EC675912409509900F03AEB /* XCRemoteSwiftPackageReference "Kingfisher" */;
			productName = Kingfisher;
		};
/* End XCSwiftPackageProductDependency section */
	};
	rootObject = AF858B3C240137EE00D2CC9C /* Project object */;
}
