// !$*UTF8*$!
{
	archiveVersion = 1;
	classes = {
	};
	objectVersion = 50;
	objects = {

/* Begin PBXBuildFile section */
		3A234711242E1F230062BF87 /* DataStore.swift in Sources */ = {isa = PBXBuildFile; fileRef = 3A234710242E1F230062BF87 /* DataStore.swift */; };
		3AF09A47242B8F330027F8A5 /* AppDelegate.swift in Sources */ = {isa = PBXBuildFile; fileRef = 3AF09A46242B8F330027F8A5 /* AppDelegate.swift */; };
		3AF09A49242B8F330027F8A5 /* SceneDelegate.swift in Sources */ = {isa = PBXBuildFile; fileRef = 3AF09A48242B8F330027F8A5 /* SceneDelegate.swift */; };
		3AF09A4B242B8F330027F8A5 /* WaterTrackerController.swift in Sources */ = {isa = PBXBuildFile; fileRef = 3AF09A4A242B8F330027F8A5 /* WaterTrackerController.swift */; };
		3AF09A4E242B8F330027F8A5 /* Main.storyboard in Resources */ = {isa = PBXBuildFile; fileRef = 3AF09A4C242B8F330027F8A5 /* Main.storyboard */; };
		3AF09A50242B8F340027F8A5 /* Assets.xcassets in Resources */ = {isa = PBXBuildFile; fileRef = 3AF09A4F242B8F340027F8A5 /* Assets.xcassets */; };
		3AF09A53242B8F340027F8A5 /* LaunchScreen.storyboard in Resources */ = {isa = PBXBuildFile; fileRef = 3AF09A51242B8F340027F8A5 /* LaunchScreen.storyboard */; };
		6E66394C242EBC1F008413CB /* Extensions.swift in Sources */ = {isa = PBXBuildFile; fileRef = 6E66394B242EBC1F008413CB /* Extensions.swift */; };
/* End PBXBuildFile section */

/* Begin PBXFileReference section */
		3A234710242E1F230062BF87 /* DataStore.swift */ = {isa = PBXFileReference; lastKnownFileType = sourcecode.swift; path = DataStore.swift; sourceTree = "<group>"; };
		3AF09A43242B8F330027F8A5 /* Su Takibi.app */ = {isa = PBXFileReference; explicitFileType = wrapper.application; includeInIndex = 0; path = "Su Takibi.app"; sourceTree = BUILT_PRODUCTS_DIR; };
		3AF09A46242B8F330027F8A5 /* AppDelegate.swift */ = {isa = PBXFileReference; lastKnownFileType = sourcecode.swift; path = AppDelegate.swift; sourceTree = "<group>"; };
		3AF09A48242B8F330027F8A5 /* SceneDelegate.swift */ = {isa = PBXFileReference; lastKnownFileType = sourcecode.swift; path = SceneDelegate.swift; sourceTree = "<group>"; };
		3AF09A4A242B8F330027F8A5 /* WaterTrackerController.swift */ = {isa = PBXFileReference; lastKnownFileType = sourcecode.swift; path = WaterTrackerController.swift; sourceTree = "<group>"; };
		3AF09A4D242B8F330027F8A5 /* Base */ = {isa = PBXFileReference; lastKnownFileType = file.storyboard; name = Base; path = Base.lproj/Main.storyboard; sourceTree = "<group>"; };
		3AF09A4F242B8F340027F8A5 /* Assets.xcassets */ = {isa = PBXFileReference; lastKnownFileType = folder.assetcatalog; path = Assets.xcassets; sourceTree = "<group>"; };
		3AF09A52242B8F340027F8A5 /* Base */ = {isa = PBXFileReference; lastKnownFileType = file.storyboard; name = Base; path = Base.lproj/LaunchScreen.storyboard; sourceTree = "<group>"; };
		3AF09A54242B8F340027F8A5 /* Info.plist */ = {isa = PBXFileReference; lastKnownFileType = text.plist.xml; path = Info.plist; sourceTree = "<group>"; };
		6E66394B242EBC1F008413CB /* Extensions.swift */ = {isa = PBXFileReference; lastKnownFileType = sourcecode.swift; path = Extensions.swift; sourceTree = "<group>"; };
/* End PBXFileReference section */

/* Begin PBXFrameworksBuildPhase section */
		3AF09A40242B8F330027F8A5 /* Frameworks */ = {
			isa = PBXFrameworksBuildPhase;
			buildActionMask = 2147483647;
			files = (
			);
			runOnlyForDeploymentPostprocessing = 0;
		};
/* End PBXFrameworksBuildPhase section */

/* Begin PBXGroup section */
		3AF09A3A242B8F330027F8A5 = {
			isa = PBXGroup;
			children = (
				3AF09A45242B8F330027F8A5 /* Su Takibi */,
				3AF09A44242B8F330027F8A5 /* Products */,
			);
			sourceTree = "<group>";
		};
		3AF09A44242B8F330027F8A5 /* Products */ = {
			isa = PBXGroup;
			children = (
				3AF09A43242B8F330027F8A5 /* Su Takibi.app */,
			);
			name = Products;
			sourceTree = "<group>";
		};
		3AF09A45242B8F330027F8A5 /* Su Takibi */ = {
			isa = PBXGroup;
			children = (
				3AF09A4C242B8F330027F8A5 /* Main.storyboard */,
				3AF09A4A242B8F330027F8A5 /* WaterTrackerController.swift */,
				3A234710242E1F230062BF87 /* DataStore.swift */,
				3AF09A5A242BBF720027F8A5 /* Utilities */,
			);
			path = "Su Takibi";
			sourceTree = "<group>";
		};
		3AF09A5A242BBF720027F8A5 /* Utilities */ = {
			isa = PBXGroup;
			children = (
				3AF09A46242B8F330027F8A5 /* AppDelegate.swift */,
				3AF09A48242B8F330027F8A5 /* SceneDelegate.swift */,
				6E66394B242EBC1F008413CB /* Extensions.swift */,
				3AF09A4F242B8F340027F8A5 /* Assets.xcassets */,
				3AF09A51242B8F340027F8A5 /* LaunchScreen.storyboard */,
				3AF09A54242B8F340027F8A5 /* Info.plist */,
			);
			path = Utilities;
			sourceTree = "<group>";
		};
/* End PBXGroup section */

/* Begin PBXNativeTarget section */
		3AF09A42242B8F330027F8A5 /* Su Takibi */ = {
			isa = PBXNativeTarget;
			buildConfigurationList = 3AF09A57242B8F340027F8A5 /* Build configuration list for PBXNativeTarget "Su Takibi" */;
			buildPhases = (
				3AF09A3F242B8F330027F8A5 /* Sources */,
				3AF09A40242B8F330027F8A5 /* Frameworks */,
				3AF09A41242B8F330027F8A5 /* Resources */,
			);
			buildRules = (
			);
			dependencies = (
			);
			name = "Su Takibi";
			productName = "Water Tracker";
			productReference = 3AF09A43242B8F330027F8A5 /* Su Takibi.app */;
			productType = "com.apple.product-type.application";
		};
/* End PBXNativeTarget section */

/* Begin PBXProject section */
		3AF09A3B242B8F330027F8A5 /* Project object */ = {
			isa = PBXProject;
			attributes = {
				LastSwiftUpdateCheck = 1130;
				LastUpgradeCheck = 1130;
				ORGANIZATIONNAME = TurkishKit;
				TargetAttributes = {
					3AF09A42242B8F330027F8A5 = {
						CreatedOnToolsVersion = 11.3.1;
					};
				};
			};
			buildConfigurationList = 3AF09A3E242B8F330027F8A5 /* Build configuration list for PBXProject "Su Takibi" */;
			compatibilityVersion = "Xcode 9.3";
			developmentRegion = en;
			hasScannedForEncodings = 0;
			knownRegions = (
				en,
				Base,
			);
			mainGroup = 3AF09A3A242B8F330027F8A5;
			productRefGroup = 3AF09A44242B8F330027F8A5 /* Products */;
			projectDirPath = "";
			projectRoot = "";
			targets = (
				3AF09A42242B8F330027F8A5 /* Su Takibi */,
			);
		};
/* End PBXProject section */

/* Begin PBXResourcesBuildPhase section */
		3AF09A41242B8F330027F8A5 /* Resources */ = {
			isa = PBXResourcesBuildPhase;
			buildActionMask = 2147483647;
			files = (
				3AF09A53242B8F340027F8A5 /* LaunchScreen.storyboard in Resources */,
				3AF09A50242B8F340027F8A5 /* Assets.xcassets in Resources */,
				3AF09A4E242B8F330027F8A5 /* Main.storyboard in Resources */,
			);
			runOnlyForDeploymentPostprocessing = 0;
		};
/* End PBXResourcesBuildPhase section */

/* Begin PBXSourcesBuildPhase section */
		3AF09A3F242B8F330027F8A5 /* Sources */ = {
			isa = PBXSourcesBuildPhase;
			buildActionMask = 2147483647;
			files = (
				6E66394C242EBC1F008413CB /* Extensions.swift in Sources */,
				3A234711242E1F230062BF87 /* DataStore.swift in Sources */,
				3AF09A4B242B8F330027F8A5 /* WaterTrackerController.swift in Sources */,
				3AF09A47242B8F330027F8A5 /* AppDelegate.swift in Sources */,
				3AF09A49242B8F330027F8A5 /* SceneDelegate.swift in Sources */,
			);
			runOnlyForDeploymentPostprocessing = 0;
		};
/* End PBXSourcesBuildPhase section */

/* Begin PBXVariantGroup section */
		3AF09A4C242B8F330027F8A5 /* Main.storyboard */ = {
			isa = PBXVariantGroup;
			children = (
				3AF09A4D242B8F330027F8A5 /* Base */,
			);
			name = Main.storyboard;
			sourceTree = "<group>";
		};
		3AF09A51242B8F340027F8A5 /* LaunchScreen.storyboard */ = {
			isa = PBXVariantGroup;
			children = (
				3AF09A52242B8F340027F8A5 /* Base */,
			);
			name = LaunchScreen.storyboard;
			sourceTree = "<group>";
		};
/* End PBXVariantGroup section */

/* Begin XCBuildConfiguration section */
		3AF09A55242B8F340027F8A5 /* Debug */ = {
			isa = XCBuildConfiguration;
			buildSettings = {
				ALWAYS_SEARCH_USER_PATHS = NO;
				CLANG_ANALYZER_NONNULL = YES;
				CLANG_ANALYZER_NUMBER_OBJECT_CONVERSION = YES_AGGRESSIVE;
				CLANG_CXX_LANGUAGE_STANDARD = "gnu++14";
				CLANG_CXX_LIBRARY = "libc++";
				CLANG_ENABLE_MODULES = YES;
				CLANG_ENABLE_OBJC_ARC = YES;
				CLANG_ENABLE_OBJC_WEAK = YES;
				CLANG_WARN_BLOCK_CAPTURE_AUTORELEASING = YES;
				CLANG_WARN_BOOL_CONVERSION = YES;
				CLANG_WARN_COMMA = YES;
				CLANG_WARN_CONSTANT_CONVERSION = YES;
				CLANG_WARN_DEPRECATED_OBJC_IMPLEMENTATIONS = YES;
				CLANG_WARN_DIRECT_OBJC_ISA_USAGE = YES_ERROR;
				CLANG_WARN_DOCUMENTATION_COMMENTS = YES;
				CLANG_WARN_EMPTY_BODY = YES;
				CLANG_WARN_ENUM_CONVERSION = YES;
				CLANG_WARN_INFINITE_RECURSION = YES;
				CLANG_WARN_INT_CONVERSION = YES;
				CLANG_WARN_NON_LITERAL_NULL_CONVERSION = YES;
				CLANG_WARN_OBJC_IMPLICIT_RETAIN_SELF = YES;
				CLANG_WARN_OBJC_LITERAL_CONVERSION = YES;
				CLANG_WARN_OBJC_ROOT_CLASS = YES_ERROR;
				CLANG_WARN_RANGE_LOOP_ANALYSIS = YES;
				CLANG_WARN_STRICT_PROTOTYPES = YES;
				CLANG_WARN_SUSPICIOUS_MOVE = YES;
				CLANG_WARN_UNGUARDED_AVAILABILITY = YES_AGGRESSIVE;
				CLANG_WARN_UNREACHABLE_CODE = YES;
				CLANG_WARN__DUPLICATE_METHOD_MATCH = YES;
				COPY_PHASE_STRIP = NO;
				DEBUG_INFORMATION_FORMAT = dwarf;
				ENABLE_STRICT_OBJC_MSGSEND = YES;
				ENABLE_TESTABILITY = YES;
				GCC_C_LANGUAGE_STANDARD = gnu11;
				GCC_DYNAMIC_NO_PIC = NO;
				GCC_NO_COMMON_BLOCKS = YES;
				GCC_OPTIMIZATION_LEVEL = 0;
				GCC_PREPROCESSOR_DEFINITIONS = (
					"DEBUG=1",
					"$(inherited)",
				);
				GCC_WARN_64_TO_32_BIT_CONVERSION = YES;
				GCC_WARN_ABOUT_RETURN_TYPE = YES_ERROR;
				GCC_WARN_UNDECLARED_SELECTOR = YES;
				GCC_WARN_UNINITIALIZED_AUTOS = YES_AGGRESSIVE;
				GCC_WARN_UNUSED_FUNCTION = YES;
				GCC_WARN_UNUSED_VARIABLE = YES;
				IPHONEOS_DEPLOYMENT_TARGET = 13.0;
				MTL_ENABLE_DEBUG_INFO = INCLUDE_SOURCE;
				MTL_FAST_MATH = YES;
				ONLY_ACTIVE_ARCH = YES;
				SDKROOT = iphoneos;
				SWIFT_ACTIVE_COMPILATION_CONDITIONS = DEBUG;
				SWIFT_OPTIMIZATION_LEVEL = "-Onone";
			};
			name = Debug;
		};
		3AF09A56242B8F340027F8A5 /* Release */ = {
			isa = XCBuildConfiguration;
			buildSettings = {
				ALWAYS_SEARCH_USER_PATHS = NO;
				CLANG_ANALYZER_NONNULL = YES;
				CLANG_ANALYZER_NUMBER_OBJECT_CONVERSION = YES_AGGRESSIVE;
				CLANG_CXX_LANGUAGE_STANDARD = "gnu++14";
				CLANG_CXX_LIBRARY = "libc++";
				CLANG_ENABLE_MODULES = YES;
				CLANG_ENABLE_OBJC_ARC = YES;
				CLANG_ENABLE_OBJC_WEAK = YES;
				CLANG_WARN_BLOCK_CAPTURE_AUTORELEASING = YES;
				CLANG_WARN_BOOL_CONVERSION = YES;
				CLANG_WARN_COMMA = YES;
				CLANG_WARN_CONSTANT_CONVERSION = YES;
				CLANG_WARN_DEPRECATED_OBJC_IMPLEMENTATIONS = YES;
				CLANG_WARN_DIRECT_OBJC_ISA_USAGE = YES_ERROR;
				CLANG_WARN_DOCUMENTATION_COMMENTS = YES;
				CLANG_WARN_EMPTY_BODY = YES;
				CLANG_WARN_ENUM_CONVERSION = YES;
				CLANG_WARN_INFINITE_RECURSION = YES;
				CLANG_WARN_INT_CONVERSION = YES;
				CLANG_WARN_NON_LITERAL_NULL_CONVERSION = YES;
				CLANG_WARN_OBJC_IMPLICIT_RETAIN_SELF = YES;
				CLANG_WARN_OBJC_LITERAL_CONVERSION = YES;
				CLANG_WARN_OBJC_ROOT_CLASS = YES_ERROR;
				CLANG_WARN_RANGE_LOOP_ANALYSIS = YES;
				CLANG_WARN_STRICT_PROTOTYPES = YES;
				CLANG_WARN_SUSPICIOUS_MOVE = YES;
				CLANG_WARN_UNGUARDED_AVAILABILITY = YES_AGGRESSIVE;
				CLANG_WARN_UNREACHABLE_CODE = YES;
				CLANG_WARN__DUPLICATE_METHOD_MATCH = YES;
				COPY_PHASE_STRIP = NO;
				DEBUG_INFORMATION_FORMAT = "dwarf-with-dsym";
				ENABLE_NS_ASSERTIONS = NO;
				ENABLE_STRICT_OBJC_MSGSEND = YES;
				GCC_C_LANGUAGE_STANDARD = gnu11;
				GCC_NO_COMMON_BLOCKS = YES;
				GCC_WARN_64_TO_32_BIT_CONVERSION = YES;
				GCC_WARN_ABOUT_RETURN_TYPE = YES_ERROR;
				GCC_WARN_UNDECLARED_SELECTOR = YES;
				GCC_WARN_UNINITIALIZED_AUTOS = YES_AGGRESSIVE;
				GCC_WARN_UNUSED_FUNCTION = YES;
				GCC_WARN_UNUSED_VARIABLE = YES;
				IPHONEOS_DEPLOYMENT_TARGET = 13.0;
				MTL_ENABLE_DEBUG_INFO = NO;
				MTL_FAST_MATH = YES;
				SDKROOT = iphoneos;
				SWIFT_COMPILATION_MODE = wholemodule;
				SWIFT_OPTIMIZATION_LEVEL = "-O";
				VALIDATE_PRODUCT = YES;
			};
			name = Release;
		};
		3AF09A58242B8F340027F8A5 /* Debug */ = {
			isa = XCBuildConfiguration;
			buildSettings = {
				ASSETCATALOG_COMPILER_APPICON_NAME = AppIcon;
				CODE_SIGN_IDENTITY = "Apple Development";
				CODE_SIGN_STYLE = Manual;
				DEVELOPMENT_TEAM = "";
				INFOPLIST_FILE = "Su Takibi/Utilities/Info.plist";
				IPHONEOS_DEPLOYMENT_TARGET = 13.0;
				LD_RUNPATH_SEARCH_PATHS = (
					"$(inherited)",
					"@executable_path/Frameworks",
				);
				PRODUCT_BUNDLE_IDENTIFIER = com.turkishkit.sutakibi;
				PRODUCT_NAME = "$(TARGET_NAME)";
				PROVISIONING_PROFILE_SPECIFIER = "";
				SWIFT_VERSION = 5.0;
				TARGETED_DEVICE_FAMILY = 1;
			};
			name = Debug;
		};
		3AF09A59242B8F340027F8A5 /* Release */ = {
			isa = XCBuildConfiguration;
			buildSettings = {
				ASSETCATALOG_COMPILER_APPICON_NAME = AppIcon;
				CODE_SIGN_IDENTITY = "Apple Development";
				CODE_SIGN_STYLE = Manual;
				DEVELOPMENT_TEAM = "";
				INFOPLIST_FILE = "Su Takibi/Utilities/Info.plist";
				IPHONEOS_DEPLOYMENT_TARGET = 13.0;
				LD_RUNPATH_SEARCH_PATHS = (
					"$(inherited)",
					"@executable_path/Frameworks",
				);
				PRODUCT_BUNDLE_IDENTIFIER = com.turkishkit.sutakibi;
				PRODUCT_NAME = "$(TARGET_NAME)";
				PROVISIONING_PROFILE_SPECIFIER = "";
				SWIFT_VERSION = 5.0;
				TARGETED_DEVICE_FAMILY = 1;
			};
			name = Release;
		};
/* End XCBuildConfiguration section */

/* Begin XCConfigurationList section */
		3AF09A3E242B8F330027F8A5 /* Build configuration list for PBXProject "Su Takibi" */ = {
			isa = XCConfigurationList;
			buildConfigurations = (
				3AF09A55242B8F340027F8A5 /* Debug */,
				3AF09A56242B8F340027F8A5 /* Release */,
			);
			defaultConfigurationIsVisible = 0;
			defaultConfigurationName = Release;
		};
		3AF09A57242B8F340027F8A5 /* Build configuration list for PBXNativeTarget "Su Takibi" */ = {
			isa = XCConfigurationList;
			buildConfigurations = (
				3AF09A58242B8F340027F8A5 /* Debug */,
				3AF09A59242B8F340027F8A5 /* Release */,
			);
			defaultConfigurationIsVisible = 0;
			defaultConfigurationName = Release;
		};
/* End XCConfigurationList section */
	};
	rootObject = 3AF09A3B242B8F330027F8A5 /* Project object */;
}
